// !$*UTF8*$!
{
	archiveVersion = 1;
	classes = {
	};
	objectVersion = 56;
	objects = {

/* Begin PBXBuildFile section */
		0F79CB132C51BD50007757F9 /* TimeBlockComponentApp.swift in Sources */ = {isa = PBXBuildFile; fileRef = 0F79CB122C51BD50007757F9 /* TimeBlockComponentApp.swift */; };
		0F79CB172C51BD52007757F9 /* Assets.xcassets in Resources */ = {isa = PBXBuildFile; fileRef = 0F79CB162C51BD52007757F9 /* Assets.xcassets */; };
		0F79CB1B2C51BD52007757F9 /* Preview Assets.xcassets in Resources */ = {isa = PBXBuildFile; fileRef = 0F79CB1A2C51BD52007757F9 /* Preview Assets.xcassets */; };
		0F79CB222C51BD71007757F9 /* BlockComponent.swift in Sources */ = {isa = PBXBuildFile; fileRef = 0F79CB212C51BD71007757F9 /* BlockComponent.swift */; };
		0F79CB2F2C56F95C007757F9 /* TimeBlockComponentView.swift in Sources */ = {isa = PBXBuildFile; fileRef = 0F79CB2E2C56F95C007757F9 /* TimeBlockComponentView.swift */; };
		0F79CB312C57A224007757F9 /* TimeBlockComponentViewModel.swift in Sources */ = {isa = PBXBuildFile; fileRef = 0F79CB302C57A224007757F9 /* TimeBlockComponentViewModel.swift */; };
		0F79CB332C57A2C6007757F9 /* TimerBlockCardViewModel.swift in Sources */ = {isa = PBXBuildFile; fileRef = 0F79CB322C57A2C6007757F9 /* TimerBlockCardViewModel.swift */; };
		0F79CB352C57A2EE007757F9 /* TimerBlockCard.swift in Sources */ = {isa = PBXBuildFile; fileRef = 0F79CB342C57A2EE007757F9 /* TimerBlockCard.swift */; };
		D6C67D792C811AE800EDD0EC /* Day.swift in Sources */ = {isa = PBXBuildFile; fileRef = D6C67D782C811AE200EDD0EC /* Day.swift */; };
		D6C67D7B2C811B4300EDD0EC /* WeekDayType.swift in Sources */ = {isa = PBXBuildFile; fileRef = D6C67D7A2C811B3E00EDD0EC /* WeekDayType.swift */; };
		D6C67D7D2C811B7B00EDD0EC /* DayInterface.swift in Sources */ = {isa = PBXBuildFile; fileRef = D6C67D7C2C811B7600EDD0EC /* DayInterface.swift */; };
		D6C67D7F2C811BAD00EDD0EC /* WeekDay.swift in Sources */ = {isa = PBXBuildFile; fileRef = D6C67D7E2C811BAA00EDD0EC /* WeekDay.swift */; };
		D6C67D822C811BF700EDD0EC /* DateInterval.swift in Sources */ = {isa = PBXBuildFile; fileRef = D6C67D812C811BF300EDD0EC /* DateInterval.swift */; };
		D6C67D882C811C7900EDD0EC /* Event.swift in Sources */ = {isa = PBXBuildFile; fileRef = D6C67D872C811C7700EDD0EC /* Event.swift */; };
		D6C67D8A2C811C8600EDD0EC /* EventInterface.swift in Sources */ = {isa = PBXBuildFile; fileRef = D6C67D892C811C8300EDD0EC /* EventInterface.swift */; };
		D6C67D922C81246500EDD0EC /* NavigationRootView.swift in Sources */ = {isa = PBXBuildFile; fileRef = D6C67D912C81246500EDD0EC /* NavigationRootView.swift */; };
		D6C67D942C8125BF00EDD0EC /* HeaderComponent.swift in Sources */ = {isa = PBXBuildFile; fileRef = D6C67D932C8125BA00EDD0EC /* HeaderComponent.swift */; };
		D6C67D972C8126A200EDD0EC /* TimeBlocks.swift in Sources */ = {isa = PBXBuildFile; fileRef = D6C67D962C8126A200EDD0EC /* TimeBlocks.swift */; };
/* End PBXBuildFile section */

/* Begin PBXFileReference section */
		0F79CB0F2C51BD50007757F9 /* TimeBlockComponent.app */ = {isa = PBXFileReference; explicitFileType = wrapper.application; includeInIndex = 0; path = TimeBlockComponent.app; sourceTree = BUILT_PRODUCTS_DIR; };
		0F79CB122C51BD50007757F9 /* TimeBlockComponentApp.swift */ = {isa = PBXFileReference; lastKnownFileType = sourcecode.swift; path = TimeBlockComponentApp.swift; sourceTree = "<group>"; };
		0F79CB162C51BD52007757F9 /* Assets.xcassets */ = {isa = PBXFileReference; lastKnownFileType = folder.assetcatalog; path = Assets.xcassets; sourceTree = "<group>"; };
		0F79CB182C51BD52007757F9 /* TimeBlockComponent.entitlements */ = {isa = PBXFileReference; lastKnownFileType = text.plist.entitlements; path = TimeBlockComponent.entitlements; sourceTree = "<group>"; };
		0F79CB1A2C51BD52007757F9 /* Preview Assets.xcassets */ = {isa = PBXFileReference; lastKnownFileType = folder.assetcatalog; path = "Preview Assets.xcassets"; sourceTree = "<group>"; };
		0F79CB212C51BD71007757F9 /* BlockComponent.swift */ = {isa = PBXFileReference; lastKnownFileType = sourcecode.swift; path = BlockComponent.swift; sourceTree = "<group>"; };
		0F79CB2E2C56F95C007757F9 /* TimeBlockComponentView.swift */ = {isa = PBXFileReference; lastKnownFileType = sourcecode.swift; path = TimeBlockComponentView.swift; sourceTree = "<group>"; };
		0F79CB302C57A224007757F9 /* TimeBlockComponentViewModel.swift */ = {isa = PBXFileReference; lastKnownFileType = sourcecode.swift; path = TimeBlockComponentViewModel.swift; sourceTree = "<group>"; };
		0F79CB322C57A2C6007757F9 /* TimerBlockCardViewModel.swift */ = {isa = PBXFileReference; lastKnownFileType = sourcecode.swift; path = TimerBlockCardViewModel.swift; sourceTree = "<group>"; };
		0F79CB342C57A2EE007757F9 /* TimerBlockCard.swift */ = {isa = PBXFileReference; lastKnownFileType = sourcecode.swift; path = TimerBlockCard.swift; sourceTree = "<group>"; };
		D6C67D782C811AE200EDD0EC /* Day.swift */ = {isa = PBXFileReference; lastKnownFileType = sourcecode.swift; path = Day.swift; sourceTree = "<group>"; };
		D6C67D7A2C811B3E00EDD0EC /* WeekDayType.swift */ = {isa = PBXFileReference; lastKnownFileType = sourcecode.swift; path = WeekDayType.swift; sourceTree = "<group>"; };
		D6C67D7C2C811B7600EDD0EC /* DayInterface.swift */ = {isa = PBXFileReference; lastKnownFileType = sourcecode.swift; path = DayInterface.swift; sourceTree = "<group>"; };
		D6C67D7E2C811BAA00EDD0EC /* WeekDay.swift */ = {isa = PBXFileReference; lastKnownFileType = sourcecode.swift; path = WeekDay.swift; sourceTree = "<group>"; };
		D6C67D812C811BF300EDD0EC /* DateInterval.swift */ = {isa = PBXFileReference; lastKnownFileType = sourcecode.swift; path = DateInterval.swift; sourceTree = "<group>"; };
		D6C67D872C811C7700EDD0EC /* Event.swift */ = {isa = PBXFileReference; lastKnownFileType = sourcecode.swift; path = Event.swift; sourceTree = "<group>"; };
		D6C67D892C811C8300EDD0EC /* EventInterface.swift */ = {isa = PBXFileReference; lastKnownFileType = sourcecode.swift; path = EventInterface.swift; sourceTree = "<group>"; };
		D6C67D912C81246500EDD0EC /* NavigationRootView.swift */ = {isa = PBXFileReference; lastKnownFileType = sourcecode.swift; path = NavigationRootView.swift; sourceTree = "<group>"; };
		D6C67D932C8125BA00EDD0EC /* HeaderComponent.swift */ = {isa = PBXFileReference; lastKnownFileType = sourcecode.swift; path = HeaderComponent.swift; sourceTree = "<group>"; };
		D6C67D962C8126A200EDD0EC /* TimeBlocks.swift */ = {isa = PBXFileReference; lastKnownFileType = sourcecode.swift; path = TimeBlocks.swift; sourceTree = "<group>"; };
/* End PBXFileReference section */

/* Begin PBXFrameworksBuildPhase section */
		0F79CB0C2C51BD50007757F9 /* Frameworks */ = {
			isa = PBXFrameworksBuildPhase;
			buildActionMask = 2147483647;
			files = (
			);
			runOnlyForDeploymentPostprocessing = 0;
		};
/* End PBXFrameworksBuildPhase section */

/* Begin PBXGroup section */
		0F79CB062C51BD50007757F9 = {
			isa = PBXGroup;
			children = (
				0F79CB112C51BD50007757F9 /* TimeBlockComponent */,
				0F79CB102C51BD50007757F9 /* Products */,
			);
			sourceTree = "<group>";
		};
		0F79CB102C51BD50007757F9 /* Products */ = {
			isa = PBXGroup;
			children = (
				0F79CB0F2C51BD50007757F9 /* TimeBlockComponent.app */,
			);
			name = Products;
			sourceTree = "<group>";
		};
		0F79CB112C51BD50007757F9 /* TimeBlockComponent */ = {
			isa = PBXGroup;
			children = (
				0F79CB122C51BD50007757F9 /* TimeBlockComponentApp.swift */,
				0F79CB162C51BD52007757F9 /* Assets.xcassets */,
				0F79CB182C51BD52007757F9 /* TimeBlockComponent.entitlements */,
				0F79CB192C51BD52007757F9 /* Preview Content */,
				D6C67D8B2C811CAD00EDD0EC /* Source */,
			);
			path = TimeBlockComponent;
			sourceTree = "<group>";
		};
		0F79CB192C51BD52007757F9 /* Preview Content */ = {
			isa = PBXGroup;
			children = (
				0F79CB1A2C51BD52007757F9 /* Preview Assets.xcassets */,
			);
			path = "Preview Content";
			sourceTree = "<group>";
		};
		D6C67D772C811ADA00EDD0EC /* Models */ = {
			isa = PBXGroup;
			children = (
				D6C67D862C811C6A00EDD0EC /* Event */,
				D6C67D852C811C6300EDD0EC /* Days */,
			);
			path = Models;
			sourceTree = "<group>";
		};
		D6C67D802C811BE900EDD0EC /* Extension */ = {
			isa = PBXGroup;
			children = (
				D6C67D812C811BF300EDD0EC /* DateInterval.swift */,
			);
			path = Extension;
			sourceTree = "<group>";
		};
		D6C67D832C811C3800EDD0EC /* Components */ = {
			isa = PBXGroup;
			children = (
				D6C67D8E2C81240000EDD0EC /* TimeBlockCard */,
				D6C67D8D2C811CEE00EDD0EC /* TimeBlockComponent */,
				D6C67D842C811C4100EDD0EC /* Core Components */,
			);
			path = Components;
			sourceTree = "<group>";
		};
		D6C67D842C811C4100EDD0EC /* Core Components */ = {
			isa = PBXGroup;
			children = (
				D6C67D932C8125BA00EDD0EC /* HeaderComponent.swift */,
				0F79CB212C51BD71007757F9 /* BlockComponent.swift */,
			);
			path = "Core Components";
			sourceTree = "<group>";
		};
		D6C67D852C811C6300EDD0EC /* Days */ = {
			isa = PBXGroup;
			children = (
				D6C67D782C811AE200EDD0EC /* Day.swift */,
				D6C67D7C2C811B7600EDD0EC /* DayInterface.swift */,
				D6C67D7E2C811BAA00EDD0EC /* WeekDay.swift */,
				D6C67D7A2C811B3E00EDD0EC /* WeekDayType.swift */,
			);
			path = Days;
			sourceTree = "<group>";
		};
		D6C67D862C811C6A00EDD0EC /* Event */ = {
			isa = PBXGroup;
			children = (
				D6C67D872C811C7700EDD0EC /* Event.swift */,
				D6C67D892C811C8300EDD0EC /* EventInterface.swift */,
			);
			path = Event;
			sourceTree = "<group>";
		};
		D6C67D8B2C811CAD00EDD0EC /* Source */ = {
			isa = PBXGroup;
			children = (
				D6C67D8F2C81242700EDD0EC /* Views */,
				D6C67D832C811C3800EDD0EC /* Components */,
				D6C67D802C811BE900EDD0EC /* Extension */,
				D6C67D772C811ADA00EDD0EC /* Models */,
			);
			path = Source;
			sourceTree = "<group>";
		};
		D6C67D8D2C811CEE00EDD0EC /* TimeBlockComponent */ = {
			isa = PBXGroup;
			children = (
				0F79CB2E2C56F95C007757F9 /* TimeBlockComponentView.swift */,
				0F79CB302C57A224007757F9 /* TimeBlockComponentViewModel.swift */,
			);
			path = TimeBlockComponent;
			sourceTree = "<group>";
		};
		D6C67D8E2C81240000EDD0EC /* TimeBlockCard */ = {
			isa = PBXGroup;
			children = (
				0F79CB322C57A2C6007757F9 /* TimerBlockCardViewModel.swift */,
				0F79CB342C57A2EE007757F9 /* TimerBlockCard.swift */,
			);
			path = TimeBlockCard;
			sourceTree = "<group>";
		};
		D6C67D8F2C81242700EDD0EC /* Views */ = {
			isa = PBXGroup;
			children = (
				D6C67D952C81267A00EDD0EC /* TimeBlocks */,
				D6C67D902C81243500EDD0EC /* NavigationRoot */,
			);
			path = Views;
			sourceTree = "<group>";
		};
		D6C67D902C81243500EDD0EC /* NavigationRoot */ = {
			isa = PBXGroup;
			children = (
				D6C67D912C81246500EDD0EC /* NavigationRootView.swift */,
			);
			path = NavigationRoot;
			sourceTree = "<group>";
		};
		D6C67D952C81267A00EDD0EC /* TimeBlocks */ = {
			isa = PBXGroup;
			children = (
				D6C67D962C8126A200EDD0EC /* TimeBlocks.swift */,
			);
			path = TimeBlocks;
			sourceTree = "<group>";
		};
/* End PBXGroup section */

/* Begin PBXNativeTarget section */
		0F79CB0E2C51BD50007757F9 /* TimeBlockComponent */ = {
			isa = PBXNativeTarget;
			buildConfigurationList = 0F79CB1E2C51BD52007757F9 /* Build configuration list for PBXNativeTarget "TimeBlockComponent" */;
			buildPhases = (
				0F79CB0B2C51BD50007757F9 /* Sources */,
				0F79CB0C2C51BD50007757F9 /* Frameworks */,
				0F79CB0D2C51BD50007757F9 /* Resources */,
			);
			buildRules = (
			);
			dependencies = (
			);
			name = TimeBlockComponent;
			productName = TimeBlockComponent;
			productReference = 0F79CB0F2C51BD50007757F9 /* TimeBlockComponent.app */;
			productType = "com.apple.product-type.application";
		};
/* End PBXNativeTarget section */

/* Begin PBXProject section */
		0F79CB072C51BD50007757F9 /* Project object */ = {
			isa = PBXProject;
			attributes = {
				BuildIndependentTargetsInParallel = 1;
				LastSwiftUpdateCheck = 1540;
				LastUpgradeCheck = 1540;
				TargetAttributes = {
					0F79CB0E2C51BD50007757F9 = {
						CreatedOnToolsVersion = 15.4;
					};
				};
			};
			buildConfigurationList = 0F79CB0A2C51BD50007757F9 /* Build configuration list for PBXProject "TimeBlockComponent" */;
			compatibilityVersion = "Xcode 14.0";
			developmentRegion = en;
			hasScannedForEncodings = 0;
			knownRegions = (
				en,
				Base,
			);
			mainGroup = 0F79CB062C51BD50007757F9;
			productRefGroup = 0F79CB102C51BD50007757F9 /* Products */;
			projectDirPath = "";
			projectRoot = "";
			targets = (
				0F79CB0E2C51BD50007757F9 /* TimeBlockComponent */,
			);
		};
/* End PBXProject section */

/* Begin PBXResourcesBuildPhase section */
		0F79CB0D2C51BD50007757F9 /* Resources */ = {
			isa = PBXResourcesBuildPhase;
			buildActionMask = 2147483647;
			files = (
				0F79CB1B2C51BD52007757F9 /* Preview Assets.xcassets in Resources */,
				0F79CB172C51BD52007757F9 /* Assets.xcassets in Resources */,
			);
			runOnlyForDeploymentPostprocessing = 0;
		};
/* End PBXResourcesBuildPhase section */

/* Begin PBXSourcesBuildPhase section */
		0F79CB0B2C51BD50007757F9 /* Sources */ = {
			isa = PBXSourcesBuildPhase;
			buildActionMask = 2147483647;
			files = (
				D6C67D8A2C811C8600EDD0EC /* EventInterface.swift in Sources */,
				0F79CB222C51BD71007757F9 /* BlockComponent.swift in Sources */,
				D6C67D7D2C811B7B00EDD0EC /* DayInterface.swift in Sources */,
				D6C67D7F2C811BAD00EDD0EC /* WeekDay.swift in Sources */,
				D6C67D822C811BF700EDD0EC /* DateInterval.swift in Sources */,
				D6C67D792C811AE800EDD0EC /* Day.swift in Sources */,
				D6C67D942C8125BF00EDD0EC /* HeaderComponent.swift in Sources */,
				0F79CB312C57A224007757F9 /* TimeBlockComponentViewModel.swift in Sources */,
				D6C67D972C8126A200EDD0EC /* TimeBlocks.swift in Sources */,
				0F79CB2F2C56F95C007757F9 /* TimeBlockComponentView.swift in Sources */,
				0F79CB352C57A2EE007757F9 /* TimerBlockCard.swift in Sources */,
				0F79CB132C51BD50007757F9 /* TimeBlockComponentApp.swift in Sources */,
				D6C67D7B2C811B4300EDD0EC /* WeekDayType.swift in Sources */,
				D6C67D922C81246500EDD0EC /* NavigationRootView.swift in Sources */,
				0F79CB332C57A2C6007757F9 /* TimerBlockCardViewModel.swift in Sources */,
				D6C67D882C811C7900EDD0EC /* Event.swift in Sources */,
			);
			runOnlyForDeploymentPostprocessing = 0;
		};
/* End PBXSourcesBuildPhase section */

/* Begin XCBuildConfiguration section */
		0F79CB1C2C51BD52007757F9 /* Debug */ = {
			isa = XCBuildConfiguration;
			buildSettings = {
				ALWAYS_SEARCH_USER_PATHS = NO;
				ASSETCATALOG_COMPILER_GENERATE_SWIFT_ASSET_SYMBOL_EXTENSIONS = YES;
				CLANG_ANALYZER_NONNULL = YES;
				CLANG_ANALYZER_NUMBER_OBJECT_CONVERSION = YES_AGGRESSIVE;
				CLANG_CXX_LANGUAGE_STANDARD = "gnu++20";
				CLANG_ENABLE_MODULES = YES;
				CLANG_ENABLE_OBJC_ARC = YES;
				CLANG_ENABLE_OBJC_WEAK = YES;
				CLANG_WARN_BLOCK_CAPTURE_AUTORELEASING = YES;
				CLANG_WARN_BOOL_CONVERSION = YES;
				CLANG_WARN_COMMA = YES;
				CLANG_WARN_CONSTANT_CONVERSION = YES;
				CLANG_WARN_DEPRECATED_OBJC_IMPLEMENTATIONS = YES;
				CLANG_WARN_DIRECT_OBJC_ISA_USAGE = YES_ERROR;
				CLANG_WARN_DOCUMENTATION_COMMENTS = YES;
				CLANG_WARN_EMPTY_BODY = YES;
				CLANG_WARN_ENUM_CONVERSION = YES;
				CLANG_WARN_INFINITE_RECURSION = YES;
				CLANG_WARN_INT_CONVERSION = YES;
				CLANG_WARN_NON_LITERAL_NULL_CONVERSION = YES;
				CLANG_WARN_OBJC_IMPLICIT_RETAIN_SELF = YES;
				CLANG_WARN_OBJC_LITERAL_CONVERSION = YES;
				CLANG_WARN_OBJC_ROOT_CLASS = YES_ERROR;
				CLANG_WARN_QUOTED_INCLUDE_IN_FRAMEWORK_HEADER = YES;
				CLANG_WARN_RANGE_LOOP_ANALYSIS = YES;
				CLANG_WARN_STRICT_PROTOTYPES = YES;
				CLANG_WARN_SUSPICIOUS_MOVE = YES;
				CLANG_WARN_UNGUARDED_AVAILABILITY = YES_AGGRESSIVE;
				CLANG_WARN_UNREACHABLE_CODE = YES;
				CLANG_WARN__DUPLICATE_METHOD_MATCH = YES;
				COPY_PHASE_STRIP = NO;
				DEBUG_INFORMATION_FORMAT = dwarf;
				ENABLE_STRICT_OBJC_MSGSEND = YES;
				ENABLE_TESTABILITY = YES;
				ENABLE_USER_SCRIPT_SANDBOXING = YES;
				GCC_C_LANGUAGE_STANDARD = gnu17;
				GCC_DYNAMIC_NO_PIC = NO;
				GCC_NO_COMMON_BLOCKS = YES;
				GCC_OPTIMIZATION_LEVEL = 0;
				GCC_PREPROCESSOR_DEFINITIONS = (
					"DEBUG=1",
					"$(inherited)",
				);
				GCC_WARN_64_TO_32_BIT_CONVERSION = YES;
				GCC_WARN_ABOUT_RETURN_TYPE = YES_ERROR;
				GCC_WARN_UNDECLARED_SELECTOR = YES;
				GCC_WARN_UNINITIALIZED_AUTOS = YES_AGGRESSIVE;
				GCC_WARN_UNUSED_FUNCTION = YES;
				GCC_WARN_UNUSED_VARIABLE = YES;
				LOCALIZATION_PREFERS_STRING_CATALOGS = YES;
				MTL_ENABLE_DEBUG_INFO = INCLUDE_SOURCE;
				MTL_FAST_MATH = YES;
				ONLY_ACTIVE_ARCH = YES;
				SWIFT_ACTIVE_COMPILATION_CONDITIONS = "DEBUG $(inherited)";
				SWIFT_OPTIMIZATION_LEVEL = "-Onone";
			};
			name = Debug;
		};
		0F79CB1D2C51BD52007757F9 /* Release */ = {
			isa = XCBuildConfiguration;
			buildSettings = {
				ALWAYS_SEARCH_USER_PATHS = NO;
				ASSETCATALOG_COMPILER_GENERATE_SWIFT_ASSET_SYMBOL_EXTENSIONS = YES;
				CLANG_ANALYZER_NONNULL = YES;
				CLANG_ANALYZER_NUMBER_OBJECT_CONVERSION = YES_AGGRESSIVE;
				CLANG_CXX_LANGUAGE_STANDARD = "gnu++20";
				CLANG_ENABLE_MODULES = YES;
				CLANG_ENABLE_OBJC_ARC = YES;
				CLANG_ENABLE_OBJC_WEAK = YES;
				CLANG_WARN_BLOCK_CAPTURE_AUTORELEASING = YES;
				CLANG_WARN_BOOL_CONVERSION = YES;
				CLANG_WARN_COMMA = YES;
				CLANG_WARN_CONSTANT_CONVERSION = YES;
				CLANG_WARN_DEPRECATED_OBJC_IMPLEMENTATIONS = YES;
				CLANG_WARN_DIRECT_OBJC_ISA_USAGE = YES_ERROR;
				CLANG_WARN_DOCUMENTATION_COMMENTS = YES;
				CLANG_WARN_EMPTY_BODY = YES;
				CLANG_WARN_ENUM_CONVERSION = YES;
				CLANG_WARN_INFINITE_RECURSION = YES;
				CLANG_WARN_INT_CONVERSION = YES;
				CLANG_WARN_NON_LITERAL_NULL_CONVERSION = YES;
				CLANG_WARN_OBJC_IMPLICIT_RETAIN_SELF = YES;
				CLANG_WARN_OBJC_LITERAL_CONVERSION = YES;
				CLANG_WARN_OBJC_ROOT_CLASS = YES_ERROR;
				CLANG_WARN_QUOTED_INCLUDE_IN_FRAMEWORK_HEADER = YES;
				CLANG_WARN_RANGE_LOOP_ANALYSIS = YES;
				CLANG_WARN_STRICT_PROTOTYPES = YES;
				CLANG_WARN_SUSPICIOUS_MOVE = YES;
				CLANG_WARN_UNGUARDED_AVAILABILITY = YES_AGGRESSIVE;
				CLANG_WARN_UNREACHABLE_CODE = YES;
				CLANG_WARN__DUPLICATE_METHOD_MATCH = YES;
				COPY_PHASE_STRIP = NO;
				DEBUG_INFORMATION_FORMAT = "dwarf-with-dsym";
				ENABLE_NS_ASSERTIONS = NO;
				ENABLE_STRICT_OBJC_MSGSEND = YES;
				ENABLE_USER_SCRIPT_SANDBOXING = YES;
				GCC_C_LANGUAGE_STANDARD = gnu17;
				GCC_NO_COMMON_BLOCKS = YES;
				GCC_WARN_64_TO_32_BIT_CONVERSION = YES;
				GCC_WARN_ABOUT_RETURN_TYPE = YES_ERROR;
				GCC_WARN_UNDECLARED_SELECTOR = YES;
				GCC_WARN_UNINITIALIZED_AUTOS = YES_AGGRESSIVE;
				GCC_WARN_UNUSED_FUNCTION = YES;
				GCC_WARN_UNUSED_VARIABLE = YES;
				LOCALIZATION_PREFERS_STRING_CATALOGS = YES;
				MTL_ENABLE_DEBUG_INFO = NO;
				MTL_FAST_MATH = YES;
				SWIFT_COMPILATION_MODE = wholemodule;
			};
			name = Release;
		};
		0F79CB1F2C51BD52007757F9 /* Debug */ = {
			isa = XCBuildConfiguration;
			buildSettings = {
				ASSETCATALOG_COMPILER_APPICON_NAME = AppIcon;
				ASSETCATALOG_COMPILER_GLOBAL_ACCENT_COLOR_NAME = AccentColor;
				CODE_SIGN_ENTITLEMENTS = TimeBlockComponent/TimeBlockComponent.entitlements;
				CODE_SIGN_STYLE = Automatic;
				CURRENT_PROJECT_VERSION = 1;
				DEVELOPMENT_ASSET_PATHS = "\"TimeBlockComponent/Preview Content\"";
				DEVELOPMENT_TEAM = MCC2B4P5MZ;
				ENABLE_HARDENED_RUNTIME = YES;
				ENABLE_PREVIEWS = YES;
				GENERATE_INFOPLIST_FILE = YES;
				"INFOPLIST_KEY_UIApplicationSceneManifest_Generation[sdk=iphoneos*]" = YES;
				"INFOPLIST_KEY_UIApplicationSceneManifest_Generation[sdk=iphonesimulator*]" = YES;
				"INFOPLIST_KEY_UIApplicationSupportsIndirectInputEvents[sdk=iphoneos*]" = YES;
				"INFOPLIST_KEY_UIApplicationSupportsIndirectInputEvents[sdk=iphonesimulator*]" = YES;
				"INFOPLIST_KEY_UILaunchScreen_Generation[sdk=iphoneos*]" = YES;
				"INFOPLIST_KEY_UILaunchScreen_Generation[sdk=iphonesimulator*]" = YES;
				"INFOPLIST_KEY_UIStatusBarStyle[sdk=iphoneos*]" = UIStatusBarStyleDefault;
				"INFOPLIST_KEY_UIStatusBarStyle[sdk=iphonesimulator*]" = UIStatusBarStyleDefault;
				INFOPLIST_KEY_UISupportedInterfaceOrientations_iPad = "UIInterfaceOrientationPortrait UIInterfaceOrientationPortraitUpsideDown UIInterfaceOrientationLandscapeLeft UIInterfaceOrientationLandscapeRight";
				INFOPLIST_KEY_UISupportedInterfaceOrientations_iPhone = "UIInterfaceOrientationPortrait UIInterfaceOrientationLandscapeLeft UIInterfaceOrientationLandscapeRight";
				IPHONEOS_DEPLOYMENT_TARGET = 17.5;
				LD_RUNPATH_SEARCH_PATHS = "@executable_path/Frameworks";
				"LD_RUNPATH_SEARCH_PATHS[sdk=macosx*]" = "@executable_path/../Frameworks";
				MACOSX_DEPLOYMENT_TARGET = 14.5;
				MARKETING_VERSION = 1.0;
				PRODUCT_BUNDLE_IDENTIFIER = Magno.TimeBlockComponent;
				PRODUCT_NAME = "$(TARGET_NAME)";
				SDKROOT = auto;
				SUPPORTED_PLATFORMS = "iphoneos iphonesimulator macosx";
				SWIFT_EMIT_LOC_STRINGS = YES;
				SWIFT_VERSION = 5.0;
				TARGETED_DEVICE_FAMILY = "1,2";
			};
			name = Debug;
		};
		0F79CB202C51BD52007757F9 /* Release */ = {
			isa = XCBuildConfiguration;
			buildSettings = {
				ASSETCATALOG_COMPILER_APPICON_NAME = AppIcon;
				ASSETCATALOG_COMPILER_GLOBAL_ACCENT_COLOR_NAME = AccentColor;
				CODE_SIGN_ENTITLEMENTS = TimeBlockComponent/TimeBlockComponent.entitlements;
				CODE_SIGN_STYLE = Automatic;
				CURRENT_PROJECT_VERSION = 1;
				DEVELOPMENT_ASSET_PATHS = "\"TimeBlockComponent/Preview Content\"";
				DEVELOPMENT_TEAM = MCC2B4P5MZ;
				ENABLE_HARDENED_RUNTIME = YES;
				ENABLE_PREVIEWS = YES;
				GENERATE_INFOPLIST_FILE = YES;
				"INFOPLIST_KEY_UIApplicationSceneManifest_Generation[sdk=iphoneos*]" = YES;
				"INFOPLIST_KEY_UIApplicationSceneManifest_Generation[sdk=iphonesimulator*]" = YES;
				"INFOPLIST_KEY_UIApplicationSupportsIndirectInputEvents[sdk=iphoneos*]" = YES;
				"INFOPLIST_KEY_UIApplicationSupportsIndirectInputEvents[sdk=iphonesimulator*]" = YES;
				"INFOPLIST_KEY_UILaunchScreen_Generation[sdk=iphoneos*]" = YES;
				"INFOPLIST_KEY_UILaunchScreen_Generation[sdk=iphonesimulator*]" = YES;
				"INFOPLIST_KEY_UIStatusBarStyle[sdk=iphoneos*]" = UIStatusBarStyleDefault;
				"INFOPLIST_KEY_UIStatusBarStyle[sdk=iphonesimulator*]" = UIStatusBarStyleDefault;
				INFOPLIST_KEY_UISupportedInterfaceOrientations_iPad = "UIInterfaceOrientationPortrait UIInterfaceOrientationPortraitUpsideDown UIInterfaceOrientationLandscapeLeft UIInterfaceOrientationLandscapeRight";
				INFOPLIST_KEY_UISupportedInterfaceOrientations_iPhone = "UIInterfaceOrientationPortrait UIInterfaceOrientationLandscapeLeft UIInterfaceOrientationLandscapeRight";
				IPHONEOS_DEPLOYMENT_TARGET = 17.5;
				LD_RUNPATH_SEARCH_PATHS = "@executable_path/Frameworks";
				"LD_RUNPATH_SEARCH_PATHS[sdk=macosx*]" = "@executable_path/../Frameworks";
				MACOSX_DEPLOYMENT_TARGET = 14.5;
				MARKETING_VERSION = 1.0;
				PRODUCT_BUNDLE_IDENTIFIER = Magno.TimeBlockComponent;
				PRODUCT_NAME = "$(TARGET_NAME)";
				SDKROOT = auto;
				SUPPORTED_PLATFORMS = "iphoneos iphonesimulator macosx";
				SWIFT_EMIT_LOC_STRINGS = YES;
				SWIFT_VERSION = 5.0;
				TARGETED_DEVICE_FAMILY = "1,2";
			};
			name = Release;
		};
/* End XCBuildConfiguration section */

/* Begin XCConfigurationList section */
		0F79CB0A2C51BD50007757F9 /* Build configuration list for PBXProject "TimeBlockComponent" */ = {
			isa = XCConfigurationList;
			buildConfigurations = (
				0F79CB1C2C51BD52007757F9 /* Debug */,
				0F79CB1D2C51BD52007757F9 /* Release */,
			);
			defaultConfigurationIsVisible = 0;
			defaultConfigurationName = Release;
		};
		0F79CB1E2C51BD52007757F9 /* Build configuration list for PBXNativeTarget "TimeBlockComponent" */ = {
			isa = XCConfigurationList;
			buildConfigurations = (
				0F79CB1F2C51BD52007757F9 /* Debug */,
				0F79CB202C51BD52007757F9 /* Release */,
			);
			defaultConfigurationIsVisible = 0;
			defaultConfigurationName = Release;
		};
/* End XCConfigurationList section */
	};
	rootObject = 0F79CB072C51BD50007757F9 /* Project object */;
}
